// !$*UTF8*$!
{
	archiveVersion = 1;
	classes = {
	};
	objectVersion = 50;
	objects = {

/* Begin PBXBuildFile section */
		754142612115DA9C00613316 /* AppDelegate.swift in Sources */ = {isa = PBXBuildFile; fileRef = 754142602115DA9C00613316 /* AppDelegate.swift */; };
		754142632115DA9C00613316 /* ViewController.swift in Sources */ = {isa = PBXBuildFile; fileRef = 754142622115DA9C00613316 /* ViewController.swift */; };
		754142662115DA9C00613316 /* Main.storyboard in Resources */ = {isa = PBXBuildFile; fileRef = 754142642115DA9C00613316 /* Main.storyboard */; };
		754142682115DAA000613316 /* Assets.xcassets in Resources */ = {isa = PBXBuildFile; fileRef = 754142672115DAA000613316 /* Assets.xcassets */; };
		7541426B2115DAA000613316 /* LaunchScreen.storyboard in Resources */ = {isa = PBXBuildFile; fileRef = 754142692115DAA000613316 /* LaunchScreen.storyboard */; };
		754142762115DAA000613316 /* ProgrammingChallengeQuestionnaireTests.swift in Sources */ = {isa = PBXBuildFile; fileRef = 754142752115DAA000613316 /* ProgrammingChallengeQuestionnaireTests.swift */; };
		754142812116688B00613316 /* QuestionnaireChapter.swift in Sources */ = {isa = PBXBuildFile; fileRef = 754142802116688B00613316 /* QuestionnaireChapter.swift */; };
		7541428321166BD600613316 /* Page.swift in Sources */ = {isa = PBXBuildFile; fileRef = 7541428221166BD600613316 /* Page.swift */; };
		754142872117602B00613316 /* PageController.swift in Sources */ = {isa = PBXBuildFile; fileRef = 754142862117602B00613316 /* PageController.swift */; };
		7541428F2118818B00613316 /* QuestionnairePoints.swift in Sources */ = {isa = PBXBuildFile; fileRef = 7541428E2118818B00613316 /* QuestionnairePoints.swift */; };
/* End PBXBuildFile section */

/* Begin PBXContainerItemProxy section */
		754142722115DAA000613316 /* PBXContainerItemProxy */ = {
			isa = PBXContainerItemProxy;
			containerPortal = 754142552115DA9C00613316 /* Project object */;
			proxyType = 1;
			remoteGlobalIDString = 7541425C2115DA9C00613316;
			remoteInfo = ProgrammingChallengeQuestionnaire;
		};
/* End PBXContainerItemProxy section */

/* Begin PBXFileReference section */
		7541425D2115DA9C00613316 /* ProgrammingChallengeQuestionnaire.app */ = {isa = PBXFileReference; explicitFileType = wrapper.application; includeInIndex = 0; path = ProgrammingChallengeQuestionnaire.app; sourceTree = BUILT_PRODUCTS_DIR; };
		754142602115DA9C00613316 /* AppDelegate.swift */ = {isa = PBXFileReference; lastKnownFileType = sourcecode.swift; path = AppDelegate.swift; sourceTree = "<group>"; };
		754142622115DA9C00613316 /* ViewController.swift */ = {isa = PBXFileReference; lastKnownFileType = sourcecode.swift; path = ViewController.swift; sourceTree = "<group>"; };
		754142652115DA9C00613316 /* Base */ = {isa = PBXFileReference; lastKnownFileType = file.storyboard; name = Base; path = Base.lproj/Main.storyboard; sourceTree = "<group>"; };
		754142672115DAA000613316 /* Assets.xcassets */ = {isa = PBXFileReference; lastKnownFileType = folder.assetcatalog; path = Assets.xcassets; sourceTree = "<group>"; };
		7541426A2115DAA000613316 /* Base */ = {isa = PBXFileReference; lastKnownFileType = file.storyboard; name = Base; path = Base.lproj/LaunchScreen.storyboard; sourceTree = "<group>"; };
		7541426C2115DAA000613316 /* Info.plist */ = {isa = PBXFileReference; lastKnownFileType = text.plist.xml; path = Info.plist; sourceTree = "<group>"; };
		754142712115DAA000613316 /* ProgrammingChallengeQuestionnaireTests.xctest */ = {isa = PBXFileReference; explicitFileType = wrapper.cfbundle; includeInIndex = 0; path = ProgrammingChallengeQuestionnaireTests.xctest; sourceTree = BUILT_PRODUCTS_DIR; };
		754142752115DAA000613316 /* ProgrammingChallengeQuestionnaireTests.swift */ = {isa = PBXFileReference; lastKnownFileType = sourcecode.swift; path = ProgrammingChallengeQuestionnaireTests.swift; sourceTree = "<group>"; };
		754142772115DAA000613316 /* Info.plist */ = {isa = PBXFileReference; lastKnownFileType = text.plist.xml; path = Info.plist; sourceTree = "<group>"; };
		754142802116688B00613316 /* QuestionnaireChapter.swift */ = {isa = PBXFileReference; lastKnownFileType = sourcecode.swift; path = QuestionnaireChapter.swift; sourceTree = "<group>"; };
		7541428221166BD600613316 /* Page.swift */ = {isa = PBXFileReference; lastKnownFileType = sourcecode.swift; path = Page.swift; sourceTree = "<group>"; };
		754142862117602B00613316 /* PageController.swift */ = {isa = PBXFileReference; lastKnownFileType = sourcecode.swift; path = PageController.swift; sourceTree = "<group>"; };
		7541428E2118818B00613316 /* QuestionnairePoints.swift */ = {isa = PBXFileReference; lastKnownFileType = sourcecode.swift; path = QuestionnairePoints.swift; sourceTree = "<group>"; };
/* End PBXFileReference section */

/* Begin PBXFrameworksBuildPhase section */
		7541425A2115DA9C00613316 /* Frameworks */ = {
			isa = PBXFrameworksBuildPhase;
			buildActionMask = 2147483647;
			files = (
			);
			runOnlyForDeploymentPostprocessing = 0;
		};
		7541426E2115DAA000613316 /* Frameworks */ = {
			isa = PBXFrameworksBuildPhase;
			buildActionMask = 2147483647;
			files = (
			);
			runOnlyForDeploymentPostprocessing = 0;
		};
/* End PBXFrameworksBuildPhase section */

/* Begin PBXGroup section */
		754142542115DA9C00613316 = {
			isa = PBXGroup;
			children = (
				7541425F2115DA9C00613316 /* ProgrammingChallengeQuestionnaire */,
				754142742115DAA000613316 /* ProgrammingChallengeQuestionnaireTests */,
				7541425E2115DA9C00613316 /* Products */,
			);
			sourceTree = "<group>";
		};
		7541425E2115DA9C00613316 /* Products */ = {
			isa = PBXGroup;
			children = (
				7541425D2115DA9C00613316 /* ProgrammingChallengeQuestionnaire.app */,
				754142712115DAA000613316 /* ProgrammingChallengeQuestionnaireTests.xctest */,
			);
			name = Products;
			sourceTree = "<group>";
		};
		7541425F2115DA9C00613316 /* ProgrammingChallengeQuestionnaire */ = {
			isa = PBXGroup;
			children = (
				754142602115DA9C00613316 /* AppDelegate.swift */,
				754142622115DA9C00613316 /* ViewController.swift */,
				754142802116688B00613316 /* QuestionnaireChapter.swift */,
				7541428221166BD600613316 /* Page.swift */,
				754142862117602B00613316 /* PageController.swift */,
				7541428E2118818B00613316 /* QuestionnairePoints.swift */,
				754142642115DA9C00613316 /* Main.storyboard */,
				754142672115DAA000613316 /* Assets.xcassets */,
				754142692115DAA000613316 /* LaunchScreen.storyboard */,
				7541426C2115DAA000613316 /* Info.plist */,
			);
			path = ProgrammingChallengeQuestionnaire;
			sourceTree = "<group>";
		};
		754142742115DAA000613316 /* ProgrammingChallengeQuestionnaireTests */ = {
			isa = PBXGroup;
			children = (
				754142752115DAA000613316 /* ProgrammingChallengeQuestionnaireTests.swift */,
				754142772115DAA000613316 /* Info.plist */,
			);
			path = ProgrammingChallengeQuestionnaireTests;
			sourceTree = "<group>";
		};
/* End PBXGroup section */

/* Begin PBXNativeTarget section */
		7541425C2115DA9C00613316 /* ProgrammingChallengeQuestionnaire */ = {
			isa = PBXNativeTarget;
			buildConfigurationList = 7541427A2115DAA000613316 /* Build configuration list for PBXNativeTarget "ProgrammingChallengeQuestionnaire" */;
			buildPhases = (
				754142592115DA9C00613316 /* Sources */,
				7541425A2115DA9C00613316 /* Frameworks */,
				7541425B2115DA9C00613316 /* Resources */,
			);
			buildRules = (
			);
			dependencies = (
			);
			name = ProgrammingChallengeQuestionnaire;
			productName = ProgrammingChallengeQuestionnaire;
			productReference = 7541425D2115DA9C00613316 /* ProgrammingChallengeQuestionnaire.app */;
			productType = "com.apple.product-type.application";
		};
		754142702115DAA000613316 /* ProgrammingChallengeQuestionnaireTests */ = {
			isa = PBXNativeTarget;
			buildConfigurationList = 7541427D2115DAA000613316 /* Build configuration list for PBXNativeTarget "ProgrammingChallengeQuestionnaireTests" */;
			buildPhases = (
				7541426D2115DAA000613316 /* Sources */,
				7541426E2115DAA000613316 /* Frameworks */,
				7541426F2115DAA000613316 /* Resources */,
			);
			buildRules = (
			);
			dependencies = (
				754142732115DAA000613316 /* PBXTargetDependency */,
			);
			name = ProgrammingChallengeQuestionnaireTests;
			productName = ProgrammingChallengeQuestionnaireTests;
			productReference = 754142712115DAA000613316 /* ProgrammingChallengeQuestionnaireTests.xctest */;
			productType = "com.apple.product-type.bundle.unit-test";
		};
/* End PBXNativeTarget section */

/* Begin PBXProject section */
		754142552115DA9C00613316 /* Project object */ = {
			isa = PBXProject;
			attributes = {
				LastSwiftUpdateCheck = 0940;
				LastUpgradeCheck = 0940;
				ORGANIZATIONNAME = "Hao Wu";
				TargetAttributes = {
					7541425C2115DA9C00613316 = {
						CreatedOnToolsVersion = 9.4.1;
					};
					754142702115DAA000613316 = {
						CreatedOnToolsVersion = 9.4.1;
						TestTargetID = 7541425C2115DA9C00613316;
					};
				};
			};
			buildConfigurationList = 754142582115DA9C00613316 /* Build configuration list for PBXProject "ProgrammingChallengeQuestionnaire" */;
			compatibilityVersion = "Xcode 9.3";
			developmentRegion = en;
			hasScannedForEncodings = 0;
			knownRegions = (
				en,
				Base,
			);
			mainGroup = 754142542115DA9C00613316;
			productRefGroup = 7541425E2115DA9C00613316 /* Products */;
			projectDirPath = "";
			projectRoot = "";
			targets = (
				7541425C2115DA9C00613316 /* ProgrammingChallengeQuestionnaire */,
				754142702115DAA000613316 /* ProgrammingChallengeQuestionnaireTests */,
			);
		};
/* End PBXProject section */

/* Begin PBXResourcesBuildPhase section */
		7541425B2115DA9C00613316 /* Resources */ = {
			isa = PBXResourcesBuildPhase;
			buildActionMask = 2147483647;
			files = (
				7541426B2115DAA000613316 /* LaunchScreen.storyboard in Resources */,
				754142682115DAA000613316 /* Assets.xcassets in Resources */,
				754142662115DA9C00613316 /* Main.storyboard in Resources */,
			);
			runOnlyForDeploymentPostprocessing = 0;
		};
		7541426F2115DAA000613316 /* Resources */ = {
			isa = PBXResourcesBuildPhase;
			buildActionMask = 2147483647;
			files = (
			);
			runOnlyForDeploymentPostprocessing = 0;
		};
/* End PBXResourcesBuildPhase section */

/* Begin PBXSourcesBuildPhase section */
		754142592115DA9C00613316 /* Sources */ = {
			isa = PBXSourcesBuildPhase;
			buildActionMask = 2147483647;
			files = (
				7541428F2118818B00613316 /* QuestionnairePoints.swift in Sources */,
				754142632115DA9C00613316 /* ViewController.swift in Sources */,
				754142612115DA9C00613316 /* AppDelegate.swift in Sources */,
				7541428321166BD600613316 /* Page.swift in Sources */,
				754142812116688B00613316 /* QuestionnaireChapter.swift in Sources */,
				754142872117602B00613316 /* PageController.swift in Sources */,
			);
			runOnlyForDeploymentPostprocessing = 0;
		};
		7541426D2115DAA000613316 /* Sources */ = {
			isa = PBXSourcesBuildPhase;
			buildActionMask = 2147483647;
			files = (
				754142762115DAA000613316 /* ProgrammingChallengeQuestionnaireTests.swift in Sources */,
			);
			runOnlyForDeploymentPostprocessing = 0;
		};
/* End PBXSourcesBuildPhase section */

/* Begin PBXTargetDependency section */
		754142732115DAA000613316 /* PBXTargetDependency */ = {
			isa = PBXTargetDependency;
			target = 7541425C2115DA9C00613316 /* ProgrammingChallengeQuestionnaire */;
			targetProxy = 754142722115DAA000613316 /* PBXContainerItemProxy */;
		};
/* End PBXTargetDependency section */

/* Begin PBXVariantGroup section */
		754142642115DA9C00613316 /* Main.storyboard */ = {
			isa = PBXVariantGroup;
			children = (
				754142652115DA9C00613316 /* Base */,
			);
			name = Main.storyboard;
			sourceTree = "<group>";
		};
		754142692115DAA000613316 /* LaunchScreen.storyboard */ = {
			isa = PBXVariantGroup;
			children = (
				7541426A2115DAA000613316 /* Base */,
			);
			name = LaunchScreen.storyboard;
			sourceTree = "<group>";
		};
/* End PBXVariantGroup section */

/* Begin XCBuildConfiguration section */
		754142782115DAA000613316 /* Debug */ = {
			isa = XCBuildConfiguration;
			buildSettings = {
				ALWAYS_SEARCH_USER_PATHS = NO;
				CLANG_ANALYZER_NONNULL = YES;
				CLANG_ANALYZER_NUMBER_OBJECT_CONVERSION = YES_AGGRESSIVE;
				CLANG_CXX_LANGUAGE_STANDARD = "gnu++14";
				CLANG_CXX_LIBRARY = "libc++";
				CLANG_ENABLE_MODULES = YES;
				CLANG_ENABLE_OBJC_ARC = YES;
				CLANG_ENABLE_OBJC_WEAK = YES;
				CLANG_WARN_BLOCK_CAPTURE_AUTORELEASING = YES;
				CLANG_WARN_BOOL_CONVERSION = YES;
				CLANG_WARN_COMMA = YES;
				CLANG_WARN_CONSTANT_CONVERSION = YES;
				CLANG_WARN_DEPRECATED_OBJC_IMPLEMENTATIONS = YES;
				CLANG_WARN_DIRECT_OBJC_ISA_USAGE = YES_ERROR;
				CLANG_WARN_DOCUMENTATION_COMMENTS = YES;
				CLANG_WARN_EMPTY_BODY = YES;
				CLANG_WARN_ENUM_CONVERSION = YES;
				CLANG_WARN_INFINITE_RECURSION = YES;
				CLANG_WARN_INT_CONVERSION = YES;
				CLANG_WARN_NON_LITERAL_NULL_CONVERSION = YES;
				CLANG_WARN_OBJC_IMPLICIT_RETAIN_SELF = YES;
				CLANG_WARN_OBJC_LITERAL_CONVERSION = YES;
				CLANG_WARN_OBJC_ROOT_CLASS = YES_ERROR;
				CLANG_WARN_RANGE_LOOP_ANALYSIS = YES;
				CLANG_WARN_STRICT_PROTOTYPES = YES;
				CLANG_WARN_SUSPICIOUS_MOVE = YES;
				CLANG_WARN_UNGUARDED_AVAILABILITY = YES_AGGRESSIVE;
				CLANG_WARN_UNREACHABLE_CODE = YES;
				CLANG_WARN__DUPLICATE_METHOD_MATCH = YES;
				CODE_SIGN_IDENTITY = "iPhone Developer";
				COPY_PHASE_STRIP = NO;
				DEBUG_INFORMATION_FORMAT = dwarf;
				ENABLE_STRICT_OBJC_MSGSEND = YES;
				ENABLE_TESTABILITY = YES;
				GCC_C_LANGUAGE_STANDARD = gnu11;
				GCC_DYNAMIC_NO_PIC = NO;
				GCC_NO_COMMON_BLOCKS = YES;
				GCC_OPTIMIZATION_LEVEL = 0;
				GCC_PREPROCESSOR_DEFINITIONS = (
					"DEBUG=1",
					"$(inherited)",
				);
				GCC_WARN_64_TO_32_BIT_CONVERSION = YES;
				GCC_WARN_ABOUT_RETURN_TYPE = YES_ERROR;
				GCC_WARN_UNDECLARED_SELECTOR = YES;
				GCC_WARN_UNINITIALIZED_AUTOS = YES_AGGRESSIVE;
				GCC_WARN_UNUSED_FUNCTION = YES;
				GCC_WARN_UNUSED_VARIABLE = YES;
				IPHONEOS_DEPLOYMENT_TARGET = 11.4;
				MTL_ENABLE_DEBUG_INFO = YES;
				ONLY_ACTIVE_ARCH = YES;
				SDKROOT = iphoneos;
				SWIFT_ACTIVE_COMPILATION_CONDITIONS = DEBUG;
				SWIFT_OPTIMIZATION_LEVEL = "-Onone";
			};
			name = Debug;
		};
		754142792115DAA000613316 /* Release */ = {
			isa = XCBuildConfiguration;
			buildSettings = {
				ALWAYS_SEARCH_USER_PATHS = NO;
				CLANG_ANALYZER_NONNULL = YES;
				CLANG_ANALYZER_NUMBER_OBJECT_CONVERSION = YES_AGGRESSIVE;
				CLANG_CXX_LANGUAGE_STANDARD = "gnu++14";
				CLANG_CXX_LIBRARY = "libc++";
				CLANG_ENABLE_MODULES = YES;
				CLANG_ENABLE_OBJC_ARC = YES;
				CLANG_ENABLE_OBJC_WEAK = YES;
				CLANG_WARN_BLOCK_CAPTURE_AUTORELEASING = YES;
				CLANG_WARN_BOOL_CONVERSION = YES;
				CLANG_WARN_COMMA = YES;
				CLANG_WARN_CONSTANT_CONVERSION = YES;
				CLANG_WARN_DEPRECATED_OBJC_IMPLEMENTATIONS = YES;
				CLANG_WARN_DIRECT_OBJC_ISA_USAGE = YES_ERROR;
				CLANG_WARN_DOCUMENTATION_COMMENTS = YES;
				CLANG_WARN_EMPTY_BODY = YES;
				CLANG_WARN_ENUM_CONVERSION = YES;
				CLANG_WARN_INFINITE_RECURSION = YES;
				CLANG_WARN_INT_CONVERSION = YES;
				CLANG_WARN_NON_LITERAL_NULL_CONVERSION = YES;
				CLANG_WARN_OBJC_IMPLICIT_RETAIN_SELF = YES;
				CLANG_WARN_OBJC_LITERAL_CONVERSION = YES;
				CLANG_WARN_OBJC_ROOT_CLASS = YES_ERROR;
				CLANG_WARN_RANGE_LOOP_ANALYSIS = YES;
				CLANG_WARN_STRICT_PROTOTYPES = YES;
				CLANG_WARN_SUSPICIOUS_MOVE = YES;
				CLANG_WARN_UNGUARDED_AVAILABILITY = YES_AGGRESSIVE;
				CLANG_WARN_UNREACHABLE_CODE = YES;
				CLANG_WARN__DUPLICATE_METHOD_MATCH = YES;
				CODE_SIGN_IDENTITY = "iPhone Developer";
				COPY_PHASE_STRIP = NO;
				DEBUG_INFORMATION_FORMAT = "dwarf-with-dsym";
				ENABLE_NS_ASSERTIONS = NO;
				ENABLE_STRICT_OBJC_MSGSEND = YES;
				GCC_C_LANGUAGE_STANDARD = gnu11;
				GCC_NO_COMMON_BLOCKS = YES;
				GCC_WARN_64_TO_32_BIT_CONVERSION = YES;
				GCC_WARN_ABOUT_RETURN_TYPE = YES_ERROR;
				GCC_WARN_UNDECLARED_SELECTOR = YES;
				GCC_WARN_UNINITIALIZED_AUTOS = YES_AGGRESSIVE;
				GCC_WARN_UNUSED_FUNCTION = YES;
				GCC_WARN_UNUSED_VARIABLE = YES;
				IPHONEOS_DEPLOYMENT_TARGET = 11.4;
				MTL_ENABLE_DEBUG_INFO = NO;
				SDKROOT = iphoneos;
				SWIFT_COMPILATION_MODE = wholemodule;
				SWIFT_OPTIMIZATION_LEVEL = "-O";
				VALIDATE_PRODUCT = YES;
			};
			name = Release;
		};
		7541427B2115DAA000613316 /* Debug */ = {
			isa = XCBuildConfiguration;
			buildSettings = {
				ASSETCATALOG_COMPILER_APPICON_NAME = AppIcon;
				CODE_SIGN_STYLE = Automatic;
				DEVELOPMENT_TEAM = SVU6D9G33T;
				INFOPLIST_FILE = ProgrammingChallengeQuestionnaire/Info.plist;
				LD_RUNPATH_SEARCH_PATHS = (
					"$(inherited)",
					"@executable_path/Frameworks",
				);
				PRODUCT_BUNDLE_IDENTIFIER = com.xavierwuapp.ProgrammingChallengeQuestionnaire;
				PRODUCT_NAME = "$(TARGET_NAME)";
				SWIFT_VERSION = 4.0;
				TARGETED_DEVICE_FAMILY = "1,2";
			};
			name = Debug;
		};
		7541427C2115DAA000613316 /* Release */ = {
			isa = XCBuildConfiguration;
			buildSettings = {
				ASSETCATALOG_COMPILER_APPICON_NAME = AppIcon;
				CODE_SIGN_STYLE = Automatic;
				DEVELOPMENT_TEAM = SVU6D9G33T;
				INFOPLIST_FILE = ProgrammingChallengeQuestionnaire/Info.plist;
				LD_RUNPATH_SEARCH_PATHS = (
					"$(inherited)",
					"@executable_path/Frameworks",
				);
				PRODUCT_BUNDLE_IDENTIFIER = com.xavierwuapp.ProgrammingChallengeQuestionnaire;
				PRODUCT_NAME = "$(TARGET_NAME)";
				SWIFT_VERSION = 4.0;
				TARGETED_DEVICE_FAMILY = "1,2";
			};
			name = Release;
		};
		7541427E2115DAA000613316 /* Debug */ = {
			isa = XCBuildConfiguration;
			buildSettings = {
				ALWAYS_EMBED_SWIFT_STANDARD_LIBRARIES = YES;
				BUNDLE_LOADER = "$(TEST_HOST)";
				CODE_SIGN_STYLE = Automatic;
				DEVELOPMENT_TEAM = SVU6D9G33T;
				INFOPLIST_FILE = ProgrammingChallengeQuestionnaireTests/Info.plist;
				LD_RUNPATH_SEARCH_PATHS = (
					"$(inherited)",
					"@executable_path/Frameworks",
					"@loader_path/Frameworks",
				);
				PRODUCT_BUNDLE_IDENTIFIER = com.xavierwuapp.ProgrammingChallengeQuestionnaireTests;
				PRODUCT_NAME = "$(TARGET_NAME)";
				SWIFT_VERSION = 4.0;
				TARGETED_DEVICE_FAMILY = "1,2";
				TEST_HOST = "$(BUILT_PRODUCTS_DIR)/ProgrammingChallengeQuestionnaire.app/ProgrammingChallengeQuestionnaire";
			};
			name = Debug;
		};
		7541427F2115DAA000613316 /* Release */ = {
			isa = XCBuildConfiguration;
			buildSettings = {
				ALWAYS_EMBED_SWIFT_STANDARD_LIBRARIES = YES;
				BUNDLE_LOADER = "$(TEST_HOST)";
				CODE_SIGN_STYLE = Automatic;
				DEVELOPMENT_TEAM = SVU6D9G33T;
				INFOPLIST_FILE = ProgrammingChallengeQuestionnaireTests/Info.plist;
				LD_RUNPATH_SEARCH_PATHS = (
					"$(inherited)",
					"@executable_path/Frameworks",
					"@loader_path/Frameworks",
				);
				PRODUCT_BUNDLE_IDENTIFIER = com.xavierwuapp.ProgrammingChallengeQuestionnaireTests;
				PRODUCT_NAME = "$(TARGET_NAME)";
				SWIFT_VERSION = 4.0;
				TARGETED_DEVICE_FAMILY = "1,2";
				TEST_HOST = "$(BUILT_PRODUCTS_DIR)/ProgrammingChallengeQuestionnaire.app/ProgrammingChallengeQuestionnaire";
			};
			name = Release;
		};
/* End XCBuildConfiguration section */

/* Begin XCConfigurationList section */
		754142582115DA9C00613316 /* Build configuration list for PBXProject "ProgrammingChallengeQuestionnaire" */ = {
			isa = XCConfigurationList;
			buildConfigurations = (
				754142782115DAA000613316 /* Debug */,
				754142792115DAA000613316 /* Release */,
			);
			defaultConfigurationIsVisible = 0;
			defaultConfigurationName = Release;
		};
		7541427A2115DAA000613316 /* Build configuration list for PBXNativeTarget "ProgrammingChallengeQuestionnaire" */ = {
			isa = XCConfigurationList;
			buildConfigurations = (
				7541427B2115DAA000613316 /* Debug */,
				7541427C2115DAA000613316 /* Release */,
			);
			defaultConfigurationIsVisible = 0;
			defaultConfigurationName = Release;
		};
		7541427D2115DAA000613316 /* Build configuration list for PBXNativeTarget "ProgrammingChallengeQuestionnaireTests" */ = {
			isa = XCConfigurationList;
			buildConfigurations = (
				7541427E2115DAA000613316 /* Debug */,
				7541427F2115DAA000613316 /* Release */,
			);
			defaultConfigurationIsVisible = 0;
			defaultConfigurationName = Release;
		};
/* End XCConfigurationList section */
	};
	rootObject = 754142552115DA9C00613316 /* Project object */;
}
